
Microsoft Visual Studio Solution File, Format Version 12.00
# Visual Studio 14
VisualStudioVersion = 14.0.25420.1
MinimumVisualStudioVersion = 10.0.40219.1
Project("{FAE04EC0-301F-11D3-BF4B-00C04F79EFBC}") = "Fhir.HSCIC", "Fhir.Publisher\Fhir.HSCIC.csproj", "{3E26A77A-FFFF-4B70-B6DC-FEF06B8FE246}"
EndProject
Project("{FAE04EC0-301F-11D3-BF4B-00C04F79EFBC}") = "Fhir.Publication", "Fhir.Publication\Fhir.Publication.csproj", "{D5B4F03D-79EB-4A8E-B3B8-4A3B1210033C}"
EndProject
Project("{FAE04EC0-301F-11D3-BF4B-00C04F79EFBC}") = "Fhir.Publication.Tests", "Fhir.Publication.Tests\Fhir.Publication.Tests.csproj", "{6D82F290-AEC4-4FD7-B5CE-16919AB5590B}"
	ProjectSection(ProjectDependencies) = postProject
		{3E26A77A-FFFF-4B70-B6DC-FEF06B8FE246} = {3E26A77A-FFFF-4B70-B6DC-FEF06B8FE246}
	EndProjectSection
EndProject
Global
	GlobalSection(SolutionConfigurationPlatforms) = preSolution
		Debug|Any CPU = Debug|Any CPU
		Debug|ARM = Debug|ARM
		Debug|x64 = Debug|x64
		Debug|x86 = Debug|x86
		Release|Any CPU = Release|Any CPU
		Release|ARM = Release|ARM
		Release|x64 = Release|x64
		Release|x86 = Release|x86
	EndGlobalSection
	GlobalSection(ProjectConfigurationPlatforms) = postSolution
		{3E26A77A-FFFF-4B70-B6DC-FEF06B8FE246}.Debug|Any CPU.ActiveCfg = Debug|Any CPU
		{3E26A77A-FFFF-4B70-B6DC-FEF06B8FE246}.Debug|Any CPU.Build.0 = Debug|Any CPU
		{3E26A77A-FFFF-4B70-B6DC-FEF06B8FE246}.Debug|ARM.ActiveCfg = Debug|Any CPU
		{3E26A77A-FFFF-4B70-B6DC-FEF06B8FE246}.Debug|x64.ActiveCfg = Debug|Any CPU
		{3E26A77A-FFFF-4B70-B6DC-FEF06B8FE246}.Debug|x86.ActiveCfg = Debug|Any CPU
		{3E26A77A-FFFF-4B70-B6DC-FEF06B8FE246}.Release|Any CPU.ActiveCfg = Release|Any CPU
		{3E26A77A-FFFF-4B70-B6DC-FEF06B8FE246}.Release|Any CPU.Build.0 = Release|Any CPU
		{3E26A77A-FFFF-4B70-B6DC-FEF06B8FE246}.Release|ARM.ActiveCfg = Release|Any CPU
		{3E26A77A-FFFF-4B70-B6DC-FEF06B8FE246}.Release|x64.ActiveCfg = Release|Any CPU
		{3E26A77A-FFFF-4B70-B6DC-FEF06B8FE246}.Release|x86.ActiveCfg = Release|Any CPU
		{D5B4F03D-79EB-4A8E-B3B8-4A3B1210033C}.Debug|Any CPU.ActiveCfg = Debug|Any CPU
		{D5B4F03D-79EB-4A8E-B3B8-4A3B1210033C}.Debug|Any CPU.Build.0 = Debug|Any CPU
		{D5B4F03D-79EB-4A8E-B3B8-4A3B1210033C}.Debug|ARM.ActiveCfg = Debug|Any CPU
		{D5B4F03D-79EB-4A8E-B3B8-4A3B1210033C}.Debug|x64.ActiveCfg = Debug|Any CPU
		{D5B4F03D-79EB-4A8E-B3B8-4A3B1210033C}.Debug|x86.ActiveCfg = Debug|Any CPU
		{D5B4F03D-79EB-4A8E-B3B8-4A3B1210033C}.Release|Any CPU.ActiveCfg = Release|Any CPU
		{D5B4F03D-79EB-4A8E-B3B8-4A3B1210033C}.Release|Any CPU.Build.0 = Release|Any CPU
		{D5B4F03D-79EB-4A8E-B3B8-4A3B1210033C}.Release|ARM.ActiveCfg = Release|Any CPU
		{D5B4F03D-79EB-4A8E-B3B8-4A3B1210033C}.Release|x64.ActiveCfg = Release|Any CPU
		{D5B4F03D-79EB-4A8E-B3B8-4A3B1210033C}.Release|x86.ActiveCfg = Release|Any CPU
		{6D82F290-AEC4-4FD7-B5CE-16919AB5590B}.Debug|Any CPU.ActiveCfg = Debug|Any CPU
		{6D82F290-AEC4-4FD7-B5CE-16919AB5590B}.Debug|Any CPU.Build.0 = Debug|Any CPU
		{6D82F290-AEC4-4FD7-B5CE-16919AB5590B}.Debug|ARM.ActiveCfg = Debug|Any CPU
		{6D82F290-AEC4-4FD7-B5CE-16919AB5590B}.Debug|ARM.Build.0 = Debug|Any CPU
		{6D82F290-AEC4-4FD7-B5CE-16919AB5590B}.Debug|x64.ActiveCfg = Debug|Any CPU
		{6D82F290-AEC4-4FD7-B5CE-16919AB5590B}.Debug|x64.Build.0 = Debug|Any CPU
		{6D82F290-AEC4-4FD7-B5CE-16919AB5590B}.Debug|x86.ActiveCfg = Debug|Any CPU
		{6D82F290-AEC4-4FD7-B5CE-16919AB5590B}.Debug|x86.Build.0 = Debug|Any CPU
		{6D82F290-AEC4-4FD7-B5CE-16919AB5590B}.Release|Any CPU.ActiveCfg = Release|Any CPU
		{6D82F290-AEC4-4FD7-B5CE-16919AB5590B}.Release|Any CPU.Build.0 = Release|Any CPU
		{6D82F290-AEC4-4FD7-B5CE-16919AB5590B}.Release|ARM.ActiveCfg = Release|Any CPU
		{6D82F290-AEC4-4FD7-B5CE-16919AB5590B}.Release|ARM.Build.0 = Release|Any CPU
		{6D82F290-AEC4-4FD7-B5CE-16919AB5590B}.Release|x64.ActiveCfg = Release|Any CPU
		{6D82F290-AEC4-4FD7-B5CE-16919AB5590B}.Release|x64.Build.0 = Release|Any CPU
		{6D82F290-AEC4-4FD7-B5CE-16919AB5590B}.Release|x86.ActiveCfg = Release|Any CPU
		{6D82F290-AEC4-4FD7-B5CE-16919AB5590B}.Release|x86.Build.0 = Release|Any CPU
	EndGlobalSection
	GlobalSection(SolutionProperties) = preSolution
		HideSolutionNode = FALSE
	EndGlobalSection
EndGlobal
